
Microsoft Visual Studio Solution File, Format Version 12.00
# Visual Studio 15
VisualStudioVersion = 15.0.35026.233
MinimumVisualStudioVersion = 10.0.40219.1
Project("{FAE04EC0-301F-11D3-BF4B-00C04F79EFBC}") = "WindowsFormsApp23", "WindowsFormsApp23.csproj", "{1A5E98CD-BE8E-4248-A8EF-C3CFEE8A25B2}"
EndProject
Global
	GlobalSection(SolutionConfigurationPlatforms) = preSolution
		Debug|Any CPU = Debug|Any CPU
		Release|Any CPU = Release|Any CPU
	EndGlobalSection
	GlobalSection(ProjectConfigurationPlatforms) = postSolution
		{1A5E98CD-BE8E-4248-A8EF-C3CFEE8A25B2}.Debug|Any CPU.ActiveCfg = Debug|Any CPU
		{1A5E98CD-BE8E-4248-A8EF-C3CFEE8A25B2}.Debug|Any CPU.Build.0 = Debug|Any CPU
		{1A5E98CD-BE8E-4248-A8EF-C3CFEE8A25B2}.Release|Any CPU.ActiveCfg = Release|Any CPU
		{1A5E98CD-BE8E-4248-A8EF-C3CFEE8A25B2}.Release|Any CPU.Build.0 = Release|Any CPU
	EndGlobalSection
	GlobalSection(SolutionProperties) = preSolution
		HideSolutionNode = FALSE
	EndGlobalSection
	GlobalSection(ExtensibilityGlobals) = postSolution
		SolutionGuid = {27D89963-9669-4112-A2B4-199F8785D88C}
	EndGlobalSection
EndGlobal
